
Microsoft Visual Studio Solution File, Format Version 12.00
# Visual Studio 15
VisualStudioVersion = 15.0.27004.2009
MinimumVisualStudioVersion = 10.0.40219.1
Project("{FAE04EC0-301F-11D3-BF4B-00C04F79EFBC}") = "Codefest", "Codefest\Codefest.csproj", "{7FCB1BEB-AF55-4083-9CDE-5D037E0A73A7}"
EndProject
Global
	GlobalSection(SolutionConfigurationPlatforms) = preSolution
		Debug|Any CPU = Debug|Any CPU
		Release|Any CPU = Release|Any CPU
	EndGlobalSection
	GlobalSection(ProjectConfigurationPlatforms) = postSolution
		{7FCB1BEB-AF55-4083-9CDE-5D037E0A73A7}.Debug|Any CPU.ActiveCfg = Debug|Any CPU
		{7FCB1BEB-AF55-4083-9CDE-5D037E0A73A7}.Debug|Any CPU.Build.0 = Debug|Any CPU
		{7FCB1BEB-AF55-4083-9CDE-5D037E0A73A7}.Release|Any CPU.ActiveCfg = Release|Any CPU
		{7FCB1BEB-AF55-4083-9CDE-5D037E0A73A7}.Release|Any CPU.Build.0 = Release|Any CPU
	EndGlobalSection
	GlobalSection(SolutionProperties) = preSolution
		HideSolutionNode = FALSE
	EndGlobalSection
	GlobalSection(ExtensibilityGlobals) = postSolution
		SolutionGuid = {D8A4F022-2818-4B15-AD62-EC1939EE1EC5}
	EndGlobalSection
EndGlobal
